
Microsoft Visual Studio Solution File, Format Version 12.00
# Visual Studio Version 16
VisualStudioVersion = 16.0.28803.202
MinimumVisualStudioVersion = 10.0.40219.1
Project("{9A19103F-16F7-4668-BE54-9A1E7A4F7556}") = "BinaryTrees", "BinaryTrees\BinaryTrees.csproj", "{0716DAC8-7335-40E3-800D-953B02B52216}"
EndProject
Project("{FAE04EC0-301F-11D3-BF4B-00C04F79EFBC}") = "BFSandDFS", "BFSandDFS\BFSandDFS.csproj", "{40C7979C-DB05-4CC4-B1D1-D68BC180E937}"
EndProject
Global
	GlobalSection(SolutionConfigurationPlatforms) = preSolution
		Debug|Any CPU = Debug|Any CPU
		Release|Any CPU = Release|Any CPU
	EndGlobalSection
	GlobalSection(ProjectConfigurationPlatforms) = postSolution
		{0716DAC8-7335-40E3-800D-953B02B52216}.Debug|Any CPU.ActiveCfg = Debug|Any CPU
		{0716DAC8-7335-40E3-800D-953B02B52216}.Debug|Any CPU.Build.0 = Debug|Any CPU
		{0716DAC8-7335-40E3-800D-953B02B52216}.Release|Any CPU.ActiveCfg = Release|Any CPU
		{0716DAC8-7335-40E3-800D-953B02B52216}.Release|Any CPU.Build.0 = Release|Any CPU
		{40C7979C-DB05-4CC4-B1D1-D68BC180E937}.Debug|Any CPU.ActiveCfg = Debug|Any CPU
		{40C7979C-DB05-4CC4-B1D1-D68BC180E937}.Debug|Any CPU.Build.0 = Debug|Any CPU
		{40C7979C-DB05-4CC4-B1D1-D68BC180E937}.Release|Any CPU.ActiveCfg = Release|Any CPU
		{40C7979C-DB05-4CC4-B1D1-D68BC180E937}.Release|Any CPU.Build.0 = Release|Any CPU
	EndGlobalSection
	GlobalSection(SolutionProperties) = preSolution
		HideSolutionNode = FALSE
	EndGlobalSection
	GlobalSection(ExtensibilityGlobals) = postSolution
		SolutionGuid = {3BCE1C4E-7B53-4F8D-B2D6-2468A6210ABB}
	EndGlobalSection
EndGlobal
